lockfileVersion: '9.0'

settings:
  autoInstallPeers: true
  excludeLinksFromLockfile: false

importers:

  .:
    dependencies:
      sql.js:
        specifier: ^1.13.0
        version: 1.13.0

packages:

  sql.js@1.13.0:
    resolution: {integrity: sha512-RJbVP1HRDlUUXahJ7VMTcu9Rm1Nzw+EBpoPr94vnbD4LwR715F3CcxE2G2k45PewcaZ57pjetYa+LoSJLAASgA==}

snapshots:

  sql.js@1.13.0: {}
